
Microsoft Visual Studio Solution File, Format Version 12.00
# Visual Studio Version 16
VisualStudioVersion = 16.0.29926.136
MinimumVisualStudioVersion = 10.0.40219.1
Project("{FAE04EC0-301F-11D3-BF4B-00C04F79EFBC}") = "ClilocConverter", "ClilocConverter\ClilocConverter.csproj", "{2578E223-641C-4F76-857D-FB467A5E030F}"
EndProject
Global
	GlobalSection(SolutionConfigurationPlatforms) = preSolution
		Debug|Any CPU = Debug|Any CPU
		Release|Any CPU = Release|Any CPU
	EndGlobalSection
	GlobalSection(ProjectConfigurationPlatforms) = postSolution
		{2578E223-641C-4F76-857D-FB467A5E030F}.Debug|Any CPU.ActiveCfg = Debug|Any CPU
		{2578E223-641C-4F76-857D-FB467A5E030F}.Debug|Any CPU.Build.0 = Debug|Any CPU
		{2578E223-641C-4F76-857D-FB467A5E030F}.Release|Any CPU.ActiveCfg = Release|Any CPU
		{2578E223-641C-4F76-857D-FB467A5E030F}.Release|Any CPU.Build.0 = Release|Any CPU
	EndGlobalSection
	GlobalSection(SolutionProperties) = preSolution
		HideSolutionNode = FALSE
	EndGlobalSection
	GlobalSection(ExtensibilityGlobals) = postSolution
		SolutionGuid = {9E64318F-02B3-4E59-B9EA-6DF56E2AF94B}
	EndGlobalSection
EndGlobal
